
Microsoft Visual Studio Solution File, Format Version 12.00
# Visual Studio Version 17
VisualStudioVersion = 17.4.33403.182
MinimumVisualStudioVersion = 10.0.40219.1
Project("{FAE04EC0-301F-11D3-BF4B-00C04F79EFBC}") = "UI_Peach", "UI_Peach\UI_Peach.csproj", "{EEC0E42E-60AD-44A7-9D42-13C019A845BB}"
EndProject
Global
	GlobalSection(SolutionConfigurationPlatforms) = preSolution
		Debug|Any CPU = Debug|Any CPU
		Release|Any CPU = Release|Any CPU
	EndGlobalSection
	GlobalSection(ProjectConfigurationPlatforms) = postSolution
		{EEC0E42E-60AD-44A7-9D42-13C019A845BB}.Debug|Any CPU.ActiveCfg = Debug|Any CPU
		{EEC0E42E-60AD-44A7-9D42-13C019A845BB}.Debug|Any CPU.Build.0 = Debug|Any CPU
		{EEC0E42E-60AD-44A7-9D42-13C019A845BB}.Release|Any CPU.ActiveCfg = Release|Any CPU
		{EEC0E42E-60AD-44A7-9D42-13C019A845BB}.Release|Any CPU.Build.0 = Release|Any CPU
	EndGlobalSection
	GlobalSection(SolutionProperties) = preSolution
		HideSolutionNode = FALSE
	EndGlobalSection
	GlobalSection(ExtensibilityGlobals) = postSolution
		SolutionGuid = {359B266B-C4CC-4318-B7A3-6739E7A60515}
	EndGlobalSection
EndGlobal
